
Microsoft Visual Studio Solution File, Format Version 12.00
# Visual Studio Version 16
VisualStudioVersion = 16.0.32602.291
MinimumVisualStudioVersion = 10.0.40219.1
Project("{9A19103F-16F7-4668-BE54-9A1E7A4F7556}") = "Singleton", "Singleton\Singleton.csproj", "{3E112D67-6A13-428C-8E1E-4BF6A949AF38}"
EndProject
Project("{9A19103F-16F7-4668-BE54-9A1E7A4F7556}") = "FactoryMethod", "FactoryMethod\FactoryMethod.csproj", "{298FAB3F-F1AC-41B2-AC07-673B9D266E05}"
EndProject
Project("{9A19103F-16F7-4668-BE54-9A1E7A4F7556}") = "AbstractFactory", "AbstractFactory\AbstractFactory.csproj", "{F5A95A1A-D446-483D-AAB5-05DD1C9B89E3}"
EndProject
Project("{9A19103F-16F7-4668-BE54-9A1E7A4F7556}") = "Prototype", "Prototype\Prototype.csproj", "{7C17979F-8F10-441A-8E8B-2276E870DB38}"
EndProject
Project("{9A19103F-16F7-4668-BE54-9A1E7A4F7556}") = "Builder", "Builder\Builder.csproj", "{C96CFBA3-ECCB-4BC3-A9CF-3B769AB663BA}"
EndProject
Project("{9A19103F-16F7-4668-BE54-9A1E7A4F7556}") = "Facade", "Facade\Facade.csproj", "{02A556D0-4D35-4365-9B4C-F8536C4D1F48}"
EndProject
Project("{9A19103F-16F7-4668-BE54-9A1E7A4F7556}") = "Adapter", "Adapter\Adapter.csproj", "{F1F59794-11E3-4E6D-A81E-FF7D6130B3BB}"
EndProject
Project("{9A19103F-16F7-4668-BE54-9A1E7A4F7556}") = "Composite", "Composite\Composite.csproj", "{AA68346C-4CAF-4486-953E-E69ABA61D921}"
EndProject
Project("{9A19103F-16F7-4668-BE54-9A1E7A4F7556}") = "Proxy", "Proxy\Proxy.csproj", "{EFD57275-AE79-457D-BE92-281091E4D824}"
EndProject
Project("{9A19103F-16F7-4668-BE54-9A1E7A4F7556}") = "Decorator", "Decorator\Decorator.csproj", "{3EC7DFA9-53AA-46B3-8D24-CE5B9CD3ACE3}"
EndProject
Project("{9A19103F-16F7-4668-BE54-9A1E7A4F7556}") = "Bridge", "Bridge\Bridge.csproj", "{994B36D9-B3A7-4FEE-A826-30D06CE5038B}"
EndProject
Project("{9A19103F-16F7-4668-BE54-9A1E7A4F7556}") = "State", "State\State.csproj", "{5274E4E2-BACC-4795-890F-09A4A2E13ED0}"
EndProject
Project("{9A19103F-16F7-4668-BE54-9A1E7A4F7556}") = "Strategy", "Strategy\Strategy.csproj", "{7C67C844-3884-43F0-AB76-901F60B8072D}"
EndProject
Project("{9A19103F-16F7-4668-BE54-9A1E7A4F7556}") = "Observer", "Observer\Observer.csproj", "{F01CE3FC-65C3-4739-949E-70BD0A9AFB38}"
EndProject
Project("{9A19103F-16F7-4668-BE54-9A1E7A4F7556}") = "ChainOfResponsibility", "ChainOfResponsibility\ChainOfResponsibility.csproj", "{0B435AF6-1EA5-46C7-9214-DF0830E00342}"
EndProject
Project("{9A19103F-16F7-4668-BE54-9A1E7A4F7556}") = "Memento", "Memento\Memento.csproj", "{28987AD0-D159-493F-AEB7-655F3ECDED9D}"
EndProject
Project("{FAE04EC0-301F-11D3-BF4B-00C04F79EFBC}") = "TemplateMethod", "TemplateMethod\TemplateMethod.csproj", "{4A0ECB41-A96E-4A44-AC95-9E2AD6E7153E}"
EndProject
Global
	GlobalSection(SolutionConfigurationPlatforms) = preSolution
		Debug|Any CPU = Debug|Any CPU
		Release|Any CPU = Release|Any CPU
	EndGlobalSection
	GlobalSection(ProjectConfigurationPlatforms) = postSolution
		{3E112D67-6A13-428C-8E1E-4BF6A949AF38}.Debug|Any CPU.ActiveCfg = Debug|Any CPU
		{3E112D67-6A13-428C-8E1E-4BF6A949AF38}.Debug|Any CPU.Build.0 = Debug|Any CPU
		{3E112D67-6A13-428C-8E1E-4BF6A949AF38}.Release|Any CPU.ActiveCfg = Release|Any CPU
		{3E112D67-6A13-428C-8E1E-4BF6A949AF38}.Release|Any CPU.Build.0 = Release|Any CPU
		{298FAB3F-F1AC-41B2-AC07-673B9D266E05}.Debug|Any CPU.ActiveCfg = Debug|Any CPU
		{298FAB3F-F1AC-41B2-AC07-673B9D266E05}.Debug|Any CPU.Build.0 = Debug|Any CPU
		{298FAB3F-F1AC-41B2-AC07-673B9D266E05}.Release|Any CPU.ActiveCfg = Release|Any CPU
		{298FAB3F-F1AC-41B2-AC07-673B9D266E05}.Release|Any CPU.Build.0 = Release|Any CPU
		{F5A95A1A-D446-483D-AAB5-05DD1C9B89E3}.Debug|Any CPU.ActiveCfg = Debug|Any CPU
		{F5A95A1A-D446-483D-AAB5-05DD1C9B89E3}.Debug|Any CPU.Build.0 = Debug|Any CPU
		{F5A95A1A-D446-483D-AAB5-05DD1C9B89E3}.Release|Any CPU.ActiveCfg = Release|Any CPU
		{F5A95A1A-D446-483D-AAB5-05DD1C9B89E3}.Release|Any CPU.Build.0 = Release|Any CPU
		{7C17979F-8F10-441A-8E8B-2276E870DB38}.Debug|Any CPU.ActiveCfg = Debug|Any CPU
		{7C17979F-8F10-441A-8E8B-2276E870DB38}.Debug|Any CPU.Build.0 = Debug|Any CPU
		{7C17979F-8F10-441A-8E8B-2276E870DB38}.Release|Any CPU.ActiveCfg = Release|Any CPU
		{7C17979F-8F10-441A-8E8B-2276E870DB38}.Release|Any CPU.Build.0 = Release|Any CPU
		{C96CFBA3-ECCB-4BC3-A9CF-3B769AB663BA}.Debug|Any CPU.ActiveCfg = Debug|Any CPU
		{C96CFBA3-ECCB-4BC3-A9CF-3B769AB663BA}.Debug|Any CPU.Build.0 = Debug|Any CPU
		{C96CFBA3-ECCB-4BC3-A9CF-3B769AB663BA}.Release|Any CPU.ActiveCfg = Release|Any CPU
		{C96CFBA3-ECCB-4BC3-A9CF-3B769AB663BA}.Release|Any CPU.Build.0 = Release|Any CPU
		{02A556D0-4D35-4365-9B4C-F8536C4D1F48}.Debug|Any CPU.ActiveCfg = Debug|Any CPU
		{02A556D0-4D35-4365-9B4C-F8536C4D1F48}.Debug|Any CPU.Build.0 = Debug|Any CPU
		{02A556D0-4D35-4365-9B4C-F8536C4D1F48}.Release|Any CPU.ActiveCfg = Release|Any CPU
		{02A556D0-4D35-4365-9B4C-F8536C4D1F48}.Release|Any CPU.Build.0 = Release|Any CPU
		{F1F59794-11E3-4E6D-A81E-FF7D6130B3BB}.Debug|Any CPU.ActiveCfg = Debug|Any CPU
		{F1F59794-11E3-4E6D-A81E-FF7D6130B3BB}.Debug|Any CPU.Build.0 = Debug|Any CPU
		{F1F59794-11E3-4E6D-A81E-FF7D6130B3BB}.Release|Any CPU.ActiveCfg = Release|Any CPU
		{F1F59794-11E3-4E6D-A81E-FF7D6130B3BB}.Release|Any CPU.Build.0 = Release|Any CPU
		{AA68346C-4CAF-4486-953E-E69ABA61D921}.Debug|Any CPU.ActiveCfg = Debug|Any CPU
		{AA68346C-4CAF-4486-953E-E69ABA61D921}.Debug|Any CPU.Build.0 = Debug|Any CPU
		{AA68346C-4CAF-4486-953E-E69ABA61D921}.Release|Any CPU.ActiveCfg = Release|Any CPU
		{AA68346C-4CAF-4486-953E-E69ABA61D921}.Release|Any CPU.Build.0 = Release|Any CPU
		{EFD57275-AE79-457D-BE92-281091E4D824}.Debug|Any CPU.ActiveCfg = Debug|Any CPU
		{EFD57275-AE79-457D-BE92-281091E4D824}.Debug|Any CPU.Build.0 = Debug|Any CPU
		{EFD57275-AE79-457D-BE92-281091E4D824}.Release|Any CPU.ActiveCfg = Release|Any CPU
		{EFD57275-AE79-457D-BE92-281091E4D824}.Release|Any CPU.Build.0 = Release|Any CPU
		{3EC7DFA9-53AA-46B3-8D24-CE5B9CD3ACE3}.Debug|Any CPU.ActiveCfg = Debug|Any CPU
		{3EC7DFA9-53AA-46B3-8D24-CE5B9CD3ACE3}.Debug|Any CPU.Build.0 = Debug|Any CPU
		{3EC7DFA9-53AA-46B3-8D24-CE5B9CD3ACE3}.Release|Any CPU.ActiveCfg = Release|Any CPU
		{3EC7DFA9-53AA-46B3-8D24-CE5B9CD3ACE3}.Release|Any CPU.Build.0 = Release|Any CPU
		{994B36D9-B3A7-4FEE-A826-30D06CE5038B}.Debug|Any CPU.ActiveCfg = Debug|Any CPU
		{994B36D9-B3A7-4FEE-A826-30D06CE5038B}.Debug|Any CPU.Build.0 = Debug|Any CPU
		{994B36D9-B3A7-4FEE-A826-30D06CE5038B}.Release|Any CPU.ActiveCfg = Release|Any CPU
		{994B36D9-B3A7-4FEE-A826-30D06CE5038B}.Release|Any CPU.Build.0 = Release|Any CPU
		{5274E4E2-BACC-4795-890F-09A4A2E13ED0}.Debug|Any CPU.ActiveCfg = Debug|Any CPU
		{5274E4E2-BACC-4795-890F-09A4A2E13ED0}.Debug|Any CPU.Build.0 = Debug|Any CPU
		{5274E4E2-BACC-4795-890F-09A4A2E13ED0}.Release|Any CPU.ActiveCfg = Release|Any CPU
		{5274E4E2-BACC-4795-890F-09A4A2E13ED0}.Release|Any CPU.Build.0 = Release|Any CPU
		{7C67C844-3884-43F0-AB76-901F60B8072D}.Debug|Any CPU.ActiveCfg = Debug|Any CPU
		{7C67C844-3884-43F0-AB76-901F60B8072D}.Debug|Any CPU.Build.0 = Debug|Any CPU
		{7C67C844-3884-43F0-AB76-901F60B8072D}.Release|Any CPU.ActiveCfg = Release|Any CPU
		{7C67C844-3884-43F0-AB76-901F60B8072D}.Release|Any CPU.Build.0 = Release|Any CPU
		{F01CE3FC-65C3-4739-949E-70BD0A9AFB38}.Debug|Any CPU.ActiveCfg = Debug|Any CPU
		{F01CE3FC-65C3-4739-949E-70BD0A9AFB38}.Debug|Any CPU.Build.0 = Debug|Any CPU
		{F01CE3FC-65C3-4739-949E-70BD0A9AFB38}.Release|Any CPU.ActiveCfg = Release|Any CPU
		{F01CE3FC-65C3-4739-949E-70BD0A9AFB38}.Release|Any CPU.Build.0 = Release|Any CPU
		{0B435AF6-1EA5-46C7-9214-DF0830E00342}.Debug|Any CPU.ActiveCfg = Debug|Any CPU
		{0B435AF6-1EA5-46C7-9214-DF0830E00342}.Debug|Any CPU.Build.0 = Debug|Any CPU
		{0B435AF6-1EA5-46C7-9214-DF0830E00342}.Release|Any CPU.ActiveCfg = Release|Any CPU
		{0B435AF6-1EA5-46C7-9214-DF0830E00342}.Release|Any CPU.Build.0 = Release|Any CPU
		{28987AD0-D159-493F-AEB7-655F3ECDED9D}.Debug|Any CPU.ActiveCfg = Debug|Any CPU
		{28987AD0-D159-493F-AEB7-655F3ECDED9D}.Debug|Any CPU.Build.0 = Debug|Any CPU
		{28987AD0-D159-493F-AEB7-655F3ECDED9D}.Release|Any CPU.ActiveCfg = Release|Any CPU
		{28987AD0-D159-493F-AEB7-655F3ECDED9D}.Release|Any CPU.Build.0 = Release|Any CPU
		{4A0ECB41-A96E-4A44-AC95-9E2AD6E7153E}.Debug|Any CPU.ActiveCfg = Debug|Any CPU
		{4A0ECB41-A96E-4A44-AC95-9E2AD6E7153E}.Debug|Any CPU.Build.0 = Debug|Any CPU
		{4A0ECB41-A96E-4A44-AC95-9E2AD6E7153E}.Release|Any CPU.ActiveCfg = Release|Any CPU
		{4A0ECB41-A96E-4A44-AC95-9E2AD6E7153E}.Release|Any CPU.Build.0 = Release|Any CPU
	EndGlobalSection
	GlobalSection(SolutionProperties) = preSolution
		HideSolutionNode = FALSE
	EndGlobalSection
	GlobalSection(ExtensibilityGlobals) = postSolution
		SolutionGuid = {E657C6AC-765E-4067-B129-AA894142AFFF}
	EndGlobalSection
EndGlobal
